// !$*UTF8*$!
{
	archiveVersion = 1;
	classes = {
	};
	objectVersion = 50;
	objects = {

/* Begin PBXBuildFile section */
		9B339E7D25FB53E500BC8FCA /* AppDelegate.m in Sources */ = {isa = PBXBuildFile; fileRef = 9B339E7C25FB53E500BC8FCA /* AppDelegate.m */; };
		9B339E8325FB53E500BC8FCA /* ViewController.m in Sources */ = {isa = PBXBuildFile; fileRef = 9B339E8225FB53E500BC8FCA /* ViewController.m */; };
		9B339E8625FB53E500BC8FCA /* Main.storyboard in Resources */ = {isa = PBXBuildFile; fileRef = 9B339E8425FB53E500BC8FCA /* Main.storyboard */; };
		9B339E8825FB53E600BC8FCA /* Assets.xcassets in Resources */ = {isa = PBXBuildFile; fileRef = 9B339E8725FB53E600BC8FCA /* Assets.xcassets */; };
		9B339E8B25FB53E600BC8FCA /* LaunchScreen.storyboard in Resources */ = {isa = PBXBuildFile; fileRef = 9B339E8925FB53E600BC8FCA /* LaunchScreen.storyboard */; };
		9B339E8E25FB53E600BC8FCA /* main.m in Sources */ = {isa = PBXBuildFile; fileRef = 9B339E8D25FB53E600BC8FCA /* main.m */; };
		9B339EA425FB589200BC8FCA /* PixelBuffer.storyboard in Resources */ = {isa = PBXBuildFile; fileRef = 9B339EA225FB589200BC8FCA /* PixelBuffer.storyboard */; };
		9B339EA925FB5A1B00BC8FCA /* YZPixelBufferViewController.m in Sources */ = {isa = PBXBuildFile; fileRef = 9B339EA825FB5A1B00BC8FCA /* YZPixelBufferViewController.m */; };
		9B339EAE25FB5B7A00BC8FCA /* YZPixelBufferCapture.m in Sources */ = {isa = PBXBuildFile; fileRef = 9B339EAD25FB5B7A00BC8FCA /* YZPixelBufferCapture.m */; };
/* End PBXBuildFile section */

/* Begin PBXFileReference section */
		9B339E7825FB53E500BC8FCA /* MetalRender.app */ = {isa = PBXFileReference; explicitFileType = wrapper.application; includeInIndex = 0; path = MetalRender.app; sourceTree = BUILT_PRODUCTS_DIR; };
		9B339E7B25FB53E500BC8FCA /* AppDelegate.h */ = {isa = PBXFileReference; lastKnownFileType = sourcecode.c.h; path = AppDelegate.h; sourceTree = "<group>"; };
		9B339E7C25FB53E500BC8FCA /* AppDelegate.m */ = {isa = PBXFileReference; lastKnownFileType = sourcecode.c.objc; path = AppDelegate.m; sourceTree = "<group>"; };
		9B339E8125FB53E500BC8FCA /* ViewController.h */ = {isa = PBXFileReference; lastKnownFileType = sourcecode.c.h; path = ViewController.h; sourceTree = "<group>"; };
		9B339E8225FB53E500BC8FCA /* ViewController.m */ = {isa = PBXFileReference; lastKnownFileType = sourcecode.c.objc; path = ViewController.m; sourceTree = "<group>"; };
		9B339E8525FB53E500BC8FCA /* Base */ = {isa = PBXFileReference; lastKnownFileType = file.storyboard; name = Base; path = Base.lproj/Main.storyboard; sourceTree = "<group>"; };
		9B339E8725FB53E600BC8FCA /* Assets.xcassets */ = {isa = PBXFileReference; lastKnownFileType = folder.assetcatalog; path = Assets.xcassets; sourceTree = "<group>"; };
		9B339E8A25FB53E600BC8FCA /* Base */ = {isa = PBXFileReference; lastKnownFileType = file.storyboard; name = Base; path = Base.lproj/LaunchScreen.storyboard; sourceTree = "<group>"; };
		9B339E8C25FB53E600BC8FCA /* Info.plist */ = {isa = PBXFileReference; lastKnownFileType = text.plist.xml; path = Info.plist; sourceTree = "<group>"; };
		9B339E8D25FB53E600BC8FCA /* main.m */ = {isa = PBXFileReference; lastKnownFileType = sourcecode.c.objc; path = main.m; sourceTree = "<group>"; };
		9B339EA325FB589200BC8FCA /* Base */ = {isa = PBXFileReference; lastKnownFileType = file.storyboard; name = Base; path = Base.lproj/PixelBuffer.storyboard; sourceTree = "<group>"; };
		9B339EA725FB5A1B00BC8FCA /* YZPixelBufferViewController.h */ = {isa = PBXFileReference; lastKnownFileType = sourcecode.c.h; path = YZPixelBufferViewController.h; sourceTree = "<group>"; };
		9B339EA825FB5A1B00BC8FCA /* YZPixelBufferViewController.m */ = {isa = PBXFileReference; lastKnownFileType = sourcecode.c.objc; path = YZPixelBufferViewController.m; sourceTree = "<group>"; };
		9B339EAC25FB5B7A00BC8FCA /* YZPixelBufferCapture.h */ = {isa = PBXFileReference; lastKnownFileType = sourcecode.c.h; path = YZPixelBufferCapture.h; sourceTree = "<group>"; };
		9B339EAD25FB5B7A00BC8FCA /* YZPixelBufferCapture.m */ = {isa = PBXFileReference; lastKnownFileType = sourcecode.c.objc; path = YZPixelBufferCapture.m; sourceTree = "<group>"; };
/* End PBXFileReference section */

/* Begin PBXFrameworksBuildPhase section */
		9B339E7525FB53E500BC8FCA /* Frameworks */ = {
			isa = PBXFrameworksBuildPhase;
			buildActionMask = 2147483647;
			files = (
			);
			runOnlyForDeploymentPostprocessing = 0;
		};
/* End PBXFrameworksBuildPhase section */

/* Begin PBXGroup section */
		9B339E6F25FB53E500BC8FCA = {
			isa = PBXGroup;
			children = (
				9B339E7A25FB53E500BC8FCA /* MetalRender */,
				9B339E7925FB53E500BC8FCA /* Products */,
			);
			sourceTree = "<group>";
		};
		9B339E7925FB53E500BC8FCA /* Products */ = {
			isa = PBXGroup;
			children = (
				9B339E7825FB53E500BC8FCA /* MetalRender.app */,
			);
			name = Products;
			sourceTree = "<group>";
		};
		9B339E7A25FB53E500BC8FCA /* MetalRender */ = {
			isa = PBXGroup;
			children = (
				9B339E7B25FB53E500BC8FCA /* AppDelegate.h */,
				9B339E7C25FB53E500BC8FCA /* AppDelegate.m */,
				9B339EA625FB58A600BC8FCA /* PixelBuffer */,
				9B339E8125FB53E500BC8FCA /* ViewController.h */,
				9B339E8225FB53E500BC8FCA /* ViewController.m */,
				9B339E8425FB53E500BC8FCA /* Main.storyboard */,
				9B339EA225FB589200BC8FCA /* PixelBuffer.storyboard */,
				9B339E8725FB53E600BC8FCA /* Assets.xcassets */,
				9B339E8925FB53E600BC8FCA /* LaunchScreen.storyboard */,
				9B339E8C25FB53E600BC8FCA /* Info.plist */,
				9B339E8D25FB53E600BC8FCA /* main.m */,
			);
			path = MetalRender;
			sourceTree = "<group>";
		};
		9B339EA625FB58A600BC8FCA /* PixelBuffer */ = {
			isa = PBXGroup;
			children = (
				9B339EA725FB5A1B00BC8FCA /* YZPixelBufferViewController.h */,
				9B339EA825FB5A1B00BC8FCA /* YZPixelBufferViewController.m */,
				9B339EAC25FB5B7A00BC8FCA /* YZPixelBufferCapture.h */,
				9B339EAD25FB5B7A00BC8FCA /* YZPixelBufferCapture.m */,
			);
			path = PixelBuffer;
			sourceTree = "<group>";
		};
/* End PBXGroup section */

/* Begin PBXNativeTarget section */
		9B339E7725FB53E500BC8FCA /* MetalRender */ = {
			isa = PBXNativeTarget;
			buildConfigurationList = 9B339E9125FB53E600BC8FCA /* Build configuration list for PBXNativeTarget "MetalRender" */;
			buildPhases = (
				9B339E7425FB53E500BC8FCA /* Sources */,
				9B339E7525FB53E500BC8FCA /* Frameworks */,
				9B339E7625FB53E500BC8FCA /* Resources */,
			);
			buildRules = (
			);
			dependencies = (
			);
			name = MetalRender;
			productName = MetalRender;
			productReference = 9B339E7825FB53E500BC8FCA /* MetalRender.app */;
			productType = "com.apple.product-type.application";
		};
/* End PBXNativeTarget section */

/* Begin PBXProject section */
		9B339E7025FB53E500BC8FCA /* Project object */ = {
			isa = PBXProject;
			attributes = {
				LastUpgradeCheck = 1230;
				TargetAttributes = {
					9B339E7725FB53E500BC8FCA = {
						CreatedOnToolsVersion = 12.3;
					};
				};
			};
			buildConfigurationList = 9B339E7325FB53E500BC8FCA /* Build configuration list for PBXProject "MetalRender" */;
			compatibilityVersion = "Xcode 9.3";
			developmentRegion = en;
			hasScannedForEncodings = 0;
			knownRegions = (
				en,
				Base,
			);
			mainGroup = 9B339E6F25FB53E500BC8FCA;
			productRefGroup = 9B339E7925FB53E500BC8FCA /* Products */;
			projectDirPath = "";
			projectRoot = "";
			targets = (
				9B339E7725FB53E500BC8FCA /* MetalRender */,
			);
		};
/* End PBXProject section */

/* Begin PBXResourcesBuildPhase section */
		9B339E7625FB53E500BC8FCA /* Resources */ = {
			isa = PBXResourcesBuildPhase;
			buildActionMask = 2147483647;
			files = (
				9B339E8B25FB53E600BC8FCA /* LaunchScreen.storyboard in Resources */,
				9B339EA425FB589200BC8FCA /* PixelBuffer.storyboard in Resources */,
				9B339E8825FB53E600BC8FCA /* Assets.xcassets in Resources */,
				9B339E8625FB53E500BC8FCA /* Main.storyboard in Resources */,
			);
			runOnlyForDeploymentPostprocessing = 0;
		};
/* End PBXResourcesBuildPhase section */

/* Begin PBXSourcesBuildPhase section */
		9B339E7425FB53E500BC8FCA /* Sources */ = {
			isa = PBXSourcesBuildPhase;
			buildActionMask = 2147483647;
			files = (
				9B339E8325FB53E500BC8FCA /* ViewController.m in Sources */,
				9B339E7D25FB53E500BC8FCA /* AppDelegate.m in Sources */,
				9B339EA925FB5A1B00BC8FCA /* YZPixelBufferViewController.m in Sources */,
				9B339E8E25FB53E600BC8FCA /* main.m in Sources */,
				9B339EAE25FB5B7A00BC8FCA /* YZPixelBufferCapture.m in Sources */,
			);
			runOnlyForDeploymentPostprocessing = 0;
		};
/* End PBXSourcesBuildPhase section */

/* Begin PBXVariantGroup section */
		9B339E8425FB53E500BC8FCA /* Main.storyboard */ = {
			isa = PBXVariantGroup;
			children = (
				9B339E8525FB53E500BC8FCA /* Base */,
			);
			name = Main.storyboard;
			sourceTree = "<group>";
		};
		9B339E8925FB53E600BC8FCA /* LaunchScreen.storyboard */ = {
			isa = PBXVariantGroup;
			children = (
				9B339E8A25FB53E600BC8FCA /* Base */,
			);
			name = LaunchScreen.storyboard;
			sourceTree = "<group>";
		};
		9B339EA225FB589200BC8FCA /* PixelBuffer.storyboard */ = {
			isa = PBXVariantGroup;
			children = (
				9B339EA325FB589200BC8FCA /* Base */,
			);
			name = PixelBuffer.storyboard;
			sourceTree = "<group>";
		};
/* End PBXVariantGroup section */

/* Begin XCBuildConfiguration section */
		9B339E8F25FB53E600BC8FCA /* Debug */ = {
			isa = XCBuildConfiguration;
			buildSettings = {
				ALWAYS_SEARCH_USER_PATHS = NO;
				CLANG_ANALYZER_NONNULL = YES;
				CLANG_ANALYZER_NUMBER_OBJECT_CONVERSION = YES_AGGRESSIVE;
				CLANG_CXX_LANGUAGE_STANDARD = "gnu++14";
				CLANG_CXX_LIBRARY = "libc++";
				CLANG_ENABLE_MODULES = YES;
				CLANG_ENABLE_OBJC_ARC = YES;
				CLANG_ENABLE_OBJC_WEAK = YES;
				CLANG_WARN_BLOCK_CAPTURE_AUTORELEASING = YES;
				CLANG_WARN_BOOL_CONVERSION = YES;
				CLANG_WARN_COMMA = YES;
				CLANG_WARN_CONSTANT_CONVERSION = YES;
				CLANG_WARN_DEPRECATED_OBJC_IMPLEMENTATIONS = YES;
				CLANG_WARN_DIRECT_OBJC_ISA_USAGE = YES_ERROR;
				CLANG_WARN_DOCUMENTATION_COMMENTS = YES;
				CLANG_WARN_EMPTY_BODY = YES;
				CLANG_WARN_ENUM_CONVERSION = YES;
				CLANG_WARN_INFINITE_RECURSION = YES;
				CLANG_WARN_INT_CONVERSION = YES;
				CLANG_WARN_NON_LITERAL_NULL_CONVERSION = YES;
				CLANG_WARN_OBJC_IMPLICIT_RETAIN_SELF = YES;
				CLANG_WARN_OBJC_LITERAL_CONVERSION = YES;
				CLANG_WARN_OBJC_ROOT_CLASS = YES_ERROR;
				CLANG_WARN_QUOTED_INCLUDE_IN_FRAMEWORK_HEADER = YES;
				CLANG_WARN_RANGE_LOOP_ANALYSIS = YES;
				CLANG_WARN_STRICT_PROTOTYPES = YES;
				CLANG_WARN_SUSPICIOUS_MOVE = YES;
				CLANG_WARN_UNGUARDED_AVAILABILITY = YES_AGGRESSIVE;
				CLANG_WARN_UNREACHABLE_CODE = YES;
				CLANG_WARN__DUPLICATE_METHOD_MATCH = YES;
				COPY_PHASE_STRIP = NO;
				DEBUG_INFORMATION_FORMAT = dwarf;
				ENABLE_STRICT_OBJC_MSGSEND = YES;
				ENABLE_TESTABILITY = YES;
				GCC_C_LANGUAGE_STANDARD = gnu11;
				GCC_DYNAMIC_NO_PIC = NO;
				GCC_NO_COMMON_BLOCKS = YES;
				GCC_OPTIMIZATION_LEVEL = 0;
				GCC_PREPROCESSOR_DEFINITIONS = (
					"DEBUG=1",
					"$(inherited)",
				);
				GCC_WARN_64_TO_32_BIT_CONVERSION = YES;
				GCC_WARN_ABOUT_RETURN_TYPE = YES_ERROR;
				GCC_WARN_UNDECLARED_SELECTOR = YES;
				GCC_WARN_UNINITIALIZED_AUTOS = YES_AGGRESSIVE;
				GCC_WARN_UNUSED_FUNCTION = YES;
				GCC_WARN_UNUSED_VARIABLE = YES;
				IPHONEOS_DEPLOYMENT_TARGET = 14.3;
				MTL_ENABLE_DEBUG_INFO = INCLUDE_SOURCE;
				MTL_FAST_MATH = YES;
				ONLY_ACTIVE_ARCH = YES;
				SDKROOT = iphoneos;
			};
			name = Debug;
		};
		9B339E9025FB53E600BC8FCA /* Release */ = {
			isa = XCBuildConfiguration;
			buildSettings = {
				ALWAYS_SEARCH_USER_PATHS = NO;
				CLANG_ANALYZER_NONNULL = YES;
				CLANG_ANALYZER_NUMBER_OBJECT_CONVERSION = YES_AGGRESSIVE;
				CLANG_CXX_LANGUAGE_STANDARD = "gnu++14";
				CLANG_CXX_LIBRARY = "libc++";
				CLANG_ENABLE_MODULES = YES;
				CLANG_ENABLE_OBJC_ARC = YES;
				CLANG_ENABLE_OBJC_WEAK = YES;
				CLANG_WARN_BLOCK_CAPTURE_AUTORELEASING = YES;
				CLANG_WARN_BOOL_CONVERSION = YES;
				CLANG_WARN_COMMA = YES;
				CLANG_WARN_CONSTANT_CONVERSION = YES;
				CLANG_WARN_DEPRECATED_OBJC_IMPLEMENTATIONS = YES;
				CLANG_WARN_DIRECT_OBJC_ISA_USAGE = YES_ERROR;
				CLANG_WARN_DOCUMENTATION_COMMENTS = YES;
				CLANG_WARN_EMPTY_BODY = YES;
				CLANG_WARN_ENUM_CONVERSION = YES;
				CLANG_WARN_INFINITE_RECURSION = YES;
				CLANG_WARN_INT_CONVERSION = YES;
				CLANG_WARN_NON_LITERAL_NULL_CONVERSION = YES;
				CLANG_WARN_OBJC_IMPLICIT_RETAIN_SELF = YES;
				CLANG_WARN_OBJC_LITERAL_CONVERSION = YES;
				CLANG_WARN_OBJC_ROOT_CLASS = YES_ERROR;
				CLANG_WARN_QUOTED_INCLUDE_IN_FRAMEWORK_HEADER = YES;
				CLANG_WARN_RANGE_LOOP_ANALYSIS = YES;
				CLANG_WARN_STRICT_PROTOTYPES = YES;
				CLANG_WARN_SUSPICIOUS_MOVE = YES;
				CLANG_WARN_UNGUARDED_AVAILABILITY = YES_AGGRESSIVE;
				CLANG_WARN_UNREACHABLE_CODE = YES;
				CLANG_WARN__DUPLICATE_METHOD_MATCH = YES;
				COPY_PHASE_STRIP = NO;
				DEBUG_INFORMATION_FORMAT = "dwarf-with-dsym";
				ENABLE_NS_ASSERTIONS = NO;
				ENABLE_STRICT_OBJC_MSGSEND = YES;
				GCC_C_LANGUAGE_STANDARD = gnu11;
				GCC_NO_COMMON_BLOCKS = YES;
				GCC_WARN_64_TO_32_BIT_CONVERSION = YES;
				GCC_WARN_ABOUT_RETURN_TYPE = YES_ERROR;
				GCC_WARN_UNDECLARED_SELECTOR = YES;
				GCC_WARN_UNINITIALIZED_AUTOS = YES_AGGRESSIVE;
				GCC_WARN_UNUSED_FUNCTION = YES;
				GCC_WARN_UNUSED_VARIABLE = YES;
				IPHONEOS_DEPLOYMENT_TARGET = 14.3;
				MTL_ENABLE_DEBUG_INFO = NO;
				MTL_FAST_MATH = YES;
				SDKROOT = iphoneos;
				VALIDATE_PRODUCT = YES;
			};
			name = Release;
		};
		9B339E9225FB53E600BC8FCA /* Debug */ = {
			isa = XCBuildConfiguration;
			buildSettings = {
				ASSETCATALOG_COMPILER_APPICON_NAME = AppIcon;
				ASSETCATALOG_COMPILER_GLOBAL_ACCENT_COLOR_NAME = AccentColor;
				CODE_SIGN_STYLE = Automatic;
				CURRENT_PROJECT_VERSION = 20210312;
				DEVELOPMENT_TEAM = 7XP66VHL84;
				INFOPLIST_FILE = MetalRender/Info.plist;
				IPHONEOS_DEPLOYMENT_TARGET = 9.0;
				LD_RUNPATH_SEARCH_PATHS = (
					"$(inherited)",
					"@executable_path/Frameworks",
				);
				MARKETING_VERSION = 1.0.0;
				PRODUCT_BUNDLE_IDENTIFIER = com.MetalRender;
				PRODUCT_NAME = "$(TARGET_NAME)";
				TARGETED_DEVICE_FAMILY = "1,2";
			};
			name = Debug;
		};
		9B339E9325FB53E600BC8FCA /* Release */ = {
			isa = XCBuildConfiguration;
			buildSettings = {
				ASSETCATALOG_COMPILER_APPICON_NAME = AppIcon;
				ASSETCATALOG_COMPILER_GLOBAL_ACCENT_COLOR_NAME = AccentColor;
				CODE_SIGN_STYLE = Automatic;
				CURRENT_PROJECT_VERSION = 20210312;
				DEVELOPMENT_TEAM = 7XP66VHL84;
				INFOPLIST_FILE = MetalRender/Info.plist;
				IPHONEOS_DEPLOYMENT_TARGET = 9.0;
				LD_RUNPATH_SEARCH_PATHS = (
					"$(inherited)",
					"@executable_path/Frameworks",
				);
				MARKETING_VERSION = 1.0.0;
				PRODUCT_BUNDLE_IDENTIFIER = com.MetalRender;
				PRODUCT_NAME = "$(TARGET_NAME)";
				TARGETED_DEVICE_FAMILY = "1,2";
			};
			name = Release;
		};
/* End XCBuildConfiguration section */

/* Begin XCConfigurationList section */
		9B339E7325FB53E500BC8FCA /* Build configuration list for PBXProject "MetalRender" */ = {
			isa = XCConfigurationList;
			buildConfigurations = (
				9B339E8F25FB53E600BC8FCA /* Debug */,
				9B339E9025FB53E600BC8FCA /* Release */,
			);
			defaultConfigurationIsVisible = 0;
			defaultConfigurationName = Release;
		};
		9B339E9125FB53E600BC8FCA /* Build configuration list for PBXNativeTarget "MetalRender" */ = {
			isa = XCConfigurationList;
			buildConfigurations = (
				9B339E9225FB53E600BC8FCA /* Debug */,
				9B339E9325FB53E600BC8FCA /* Release */,
			);
			defaultConfigurationIsVisible = 0;
			defaultConfigurationName = Release;
		};
/* End XCConfigurationList section */
	};
	rootObject = 9B339E7025FB53E500BC8FCA /* Project object */;
}
