// !$*UTF8*$!
{
	archiveVersion = 1;
	classes = {
	};
	objectVersion = 50;
	objects = {

/* Begin PBXBuildFile section */
		9B339E7D25FB53E500BC8FCA /* AppDelegate.m in Sources */ = {isa = PBXBuildFile; fileRef = 9B339E7C25FB53E500BC8FCA /* AppDelegate.m */; };
		9B339E8625FB53E500BC8FCA /* Main.storyboard in Resources */ = {isa = PBXBuildFile; fileRef = 9B339E8425FB53E500BC8FCA /* Main.storyboard */; };
		9B339E8825FB53E600BC8FCA /* Assets.xcassets in Resources */ = {isa = PBXBuildFile; fileRef = 9B339E8725FB53E600BC8FCA /* Assets.xcassets */; };
		9B339E8B25FB53E600BC8FCA /* LaunchScreen.storyboard in Resources */ = {isa = PBXBuildFile; fileRef = 9B339E8925FB53E600BC8FCA /* LaunchScreen.storyboard */; };
		9B339E8E25FB53E600BC8FCA /* main.m in Sources */ = {isa = PBXBuildFile; fileRef = 9B339E8D25FB53E600BC8FCA /* main.m */; };
		9B339EA425FB589200BC8FCA /* PixelBuffer.storyboard in Resources */ = {isa = PBXBuildFile; fileRef = 9B339EA225FB589200BC8FCA /* PixelBuffer.storyboard */; };
		9B339EA925FB5A1B00BC8FCA /* YZPixelBufferViewController.m in Sources */ = {isa = PBXBuildFile; fileRef = 9B339EA825FB5A1B00BC8FCA /* YZPixelBufferViewController.m */; };
		9B339EAE25FB5B7A00BC8FCA /* YZPixelBufferCapture.m in Sources */ = {isa = PBXBuildFile; fileRef = 9B339EAD25FB5B7A00BC8FCA /* YZPixelBufferCapture.m */; };
		9B33A00F26022B1400BC8FCA /* Data.storyboard in Resources */ = {isa = PBXBuildFile; fileRef = 9B33A00D26022B1400BC8FCA /* Data.storyboard */; };
		9B33A01326022B2F00BC8FCA /* YZDataViewController.m in Sources */ = {isa = PBXBuildFile; fileRef = 9B33A01226022B2F00BC8FCA /* YZDataViewController.m */; };
		9B33A01726022CD300BC8FCA /* YZDataCapture.m in Sources */ = {isa = PBXBuildFile; fileRef = 9B33A01626022CD300BC8FCA /* YZDataCapture.m */; };
		9B33A0622603635100BC8FCA /* YZTestViewController.m in Sources */ = {isa = PBXBuildFile; fileRef = 9B33A0612603635100BC8FCA /* YZTestViewController.m */; };
		9B33A0672603636700BC8FCA /* YZTestCapture.m in Sources */ = {isa = PBXBuildFile; fileRef = 9B33A0662603636700BC8FCA /* YZTestCapture.m */; };
		9B33A070260363CC00BC8FCA /* Test.storyboard in Resources */ = {isa = PBXBuildFile; fileRef = 9B33A06E260363CC00BC8FCA /* Test.storyboard */; };
		9BD0A50F261EA69C00665B2B /* YXVideo.h in Headers */ = {isa = PBXBuildFile; fileRef = 9BD0A50D261EA69C00665B2B /* YXVideo.h */; settings = {ATTRIBUTES = (Public, ); }; };
		9BD0A512261EA69C00665B2B /* YXVideo.framework in Frameworks */ = {isa = PBXBuildFile; fileRef = 9BD0A50B261EA69C00665B2B /* YXVideo.framework */; };
		9BD0A513261EA69C00665B2B /* YXVideo.framework in Embed Frameworks */ = {isa = PBXBuildFile; fileRef = 9BD0A50B261EA69C00665B2B /* YXVideo.framework */; settings = {ATTRIBUTES = (CodeSignOnCopy, RemoveHeadersOnCopy, ); }; };
		9BD0A53C261EA6D500665B2B /* YZVideoSystemIO.m in Sources */ = {isa = PBXBuildFile; fileRef = 9BD0A519261EA6D500665B2B /* YZVideoSystemIO.m */; };
		9BD0A53D261EA6D500665B2B /* YZVideoIO.m in Sources */ = {isa = PBXBuildFile; fileRef = 9BD0A51A261EA6D500665B2B /* YZVideoIO.m */; };
		9BD0A53E261EA6D500665B2B /* YZVideoMetalIO.m in Sources */ = {isa = PBXBuildFile; fileRef = 9BD0A51B261EA6D500665B2B /* YZVideoMetalIO.m */; };
		9BD0A53F261EA6D500665B2B /* YZVideoSystemIO.h in Headers */ = {isa = PBXBuildFile; fileRef = 9BD0A51C261EA6D500665B2B /* YZVideoSystemIO.h */; };
		9BD0A540261EA6D500665B2B /* YZVideoMetalIO.h in Headers */ = {isa = PBXBuildFile; fileRef = 9BD0A51D261EA6D500665B2B /* YZVideoMetalIO.h */; };
		9BD0A541261EA6D500665B2B /* YZVideoIO.h in Headers */ = {isa = PBXBuildFile; fileRef = 9BD0A51E261EA6D500665B2B /* YZVideoIO.h */; };
		9BD0A542261EA6D500665B2B /* YZMTKView.m in Sources */ = {isa = PBXBuildFile; fileRef = 9BD0A520261EA6D500665B2B /* YZMTKView.m */; };
		9BD0A543261EA6D500665B2B /* YZSystemPlayer.m in Sources */ = {isa = PBXBuildFile; fileRef = 9BD0A521261EA6D500665B2B /* YZSystemPlayer.m */; };
		9BD0A544261EA6D500665B2B /* YZMTKView.h in Headers */ = {isa = PBXBuildFile; fileRef = 9BD0A522261EA6D500665B2B /* YZMTKView.h */; };
		9BD0A545261EA6D500665B2B /* YZSystemPlayer.h in Headers */ = {isa = PBXBuildFile; fileRef = 9BD0A523261EA6D500665B2B /* YZSystemPlayer.h */; };
		9BD0A554261EA6D500665B2B /* YZYUVToRGBConversion.h in Headers */ = {isa = PBXBuildFile; fileRef = 9BD0A534261EA6D500665B2B /* YZYUVToRGBConversion.h */; };
		9BD0A555261EA6D500665B2B /* YZVertexFragment.h in Headers */ = {isa = PBXBuildFile; fileRef = 9BD0A535261EA6D500665B2B /* YZVertexFragment.h */; };
		9BD0A556261EA6D500665B2B /* YZI420MetalString.h in Headers */ = {isa = PBXBuildFile; fileRef = 9BD0A536261EA6D500665B2B /* YZI420MetalString.h */; };
		9BD0A557261EA6D500665B2B /* YZVFOrientation.h in Headers */ = {isa = PBXBuildFile; fileRef = 9BD0A538261EA6D500665B2B /* YZVFOrientation.h */; };
		9BD0A558261EA6D500665B2B /* YZVideoDevice.m in Sources */ = {isa = PBXBuildFile; fileRef = 9BD0A539261EA6D500665B2B /* YZVideoDevice.m */; };
		9BD0A559261EA6D500665B2B /* YZVideoDevice.h in Headers */ = {isa = PBXBuildFile; fileRef = 9BD0A53A261EA6D500665B2B /* YZVideoDevice.h */; };
		9BD0A55A261EA6D500665B2B /* YZVFOrientation.m in Sources */ = {isa = PBXBuildFile; fileRef = 9BD0A53B261EA6D500665B2B /* YZVFOrientation.m */; };
		9BD0A562261EA6E900665B2B /* YXVideoData.m in Sources */ = {isa = PBXBuildFile; fileRef = 9BD0A55D261EA6E900665B2B /* YXVideoData.m */; };
		9BD0A563261EA6E900665B2B /* YXVideoShow.m in Sources */ = {isa = PBXBuildFile; fileRef = 9BD0A55E261EA6E900665B2B /* YXVideoShow.m */; };
		9BD0A564261EA6E900665B2B /* YXVideoData.h in Headers */ = {isa = PBXBuildFile; fileRef = 9BD0A55F261EA6E900665B2B /* YXVideoData.h */; settings = {ATTRIBUTES = (Public, ); }; };
		9BD0A565261EA6E900665B2B /* YXVideoShow.h in Headers */ = {isa = PBXBuildFile; fileRef = 9BD0A560261EA6E900665B2B /* YXVideoShow.h */; settings = {ATTRIBUTES = (Public, ); }; };
		9BD0A581261EA94A00665B2B /* YZMetalFormatI420.h in Headers */ = {isa = PBXBuildFile; fileRef = 9BD0A573261EA94900665B2B /* YZMetalFormatI420.h */; };
		9BD0A582261EA94A00665B2B /* YZMetalFormat.h in Headers */ = {isa = PBXBuildFile; fileRef = 9BD0A574261EA94900665B2B /* YZMetalFormat.h */; };
		9BD0A583261EA94A00665B2B /* YZMetalFormatVideoRange.m in Sources */ = {isa = PBXBuildFile; fileRef = 9BD0A575261EA94A00665B2B /* YZMetalFormatVideoRange.m */; };
		9BD0A584261EA94A00665B2B /* YZMetalFormatBGRA.m in Sources */ = {isa = PBXBuildFile; fileRef = 9BD0A576261EA94A00665B2B /* YZMetalFormatBGRA.m */; };
		9BD0A585261EA94A00665B2B /* YZMetalFormat.m in Sources */ = {isa = PBXBuildFile; fileRef = 9BD0A577261EA94A00665B2B /* YZMetalFormat.m */; };
		9BD0A586261EA94A00665B2B /* YZMetalFormatNV12.m in Sources */ = {isa = PBXBuildFile; fileRef = 9BD0A578261EA94A00665B2B /* YZMetalFormatNV12.m */; };
		9BD0A587261EA94A00665B2B /* YZMetalFormatBGRA.h in Headers */ = {isa = PBXBuildFile; fileRef = 9BD0A579261EA94A00665B2B /* YZMetalFormatBGRA.h */; };
		9BD0A588261EA94A00665B2B /* YZMetalFormatFullRange.m in Sources */ = {isa = PBXBuildFile; fileRef = 9BD0A57A261EA94A00665B2B /* YZMetalFormatFullRange.m */; };
		9BD0A589261EA94A00665B2B /* YZMetalFormatY420.m in Sources */ = {isa = PBXBuildFile; fileRef = 9BD0A57B261EA94A00665B2B /* YZMetalFormatY420.m */; };
		9BD0A58A261EA94A00665B2B /* YZMetalFormatI420.m in Sources */ = {isa = PBXBuildFile; fileRef = 9BD0A57C261EA94A00665B2B /* YZMetalFormatI420.m */; };
		9BD0A58B261EA94A00665B2B /* YZMetalFormatVideoRange.h in Headers */ = {isa = PBXBuildFile; fileRef = 9BD0A57D261EA94A00665B2B /* YZMetalFormatVideoRange.h */; };
		9BD0A58C261EA94A00665B2B /* YZMetalFormatFullRange.h in Headers */ = {isa = PBXBuildFile; fileRef = 9BD0A57E261EA94A00665B2B /* YZMetalFormatFullRange.h */; };
		9BD0A58D261EA94A00665B2B /* YZMetalFormatNV12.h in Headers */ = {isa = PBXBuildFile; fileRef = 9BD0A57F261EA94A00665B2B /* YZMetalFormatNV12.h */; };
		9BD0A58E261EA94A00665B2B /* YZMetalFormatY420.h in Headers */ = {isa = PBXBuildFile; fileRef = 9BD0A580261EA94A00665B2B /* YZMetalFormatY420.h */; };
/* End PBXBuildFile section */

/* Begin PBXContainerItemProxy section */
		9BD0A510261EA69C00665B2B /* PBXContainerItemProxy */ = {
			isa = PBXContainerItemProxy;
			containerPortal = 9B339E7025FB53E500BC8FCA /* Project object */;
			proxyType = 1;
			remoteGlobalIDString = 9BD0A50A261EA69C00665B2B;
			remoteInfo = YXVideo;
		};
/* End PBXContainerItemProxy section */

/* Begin PBXCopyFilesBuildPhase section */
		9B339EC425FB5DC800BC8FCA /* Embed Frameworks */ = {
			isa = PBXCopyFilesBuildPhase;
			buildActionMask = 2147483647;
			dstPath = "";
			dstSubfolderSpec = 10;
			files = (
				9BD0A513261EA69C00665B2B /* YXVideo.framework in Embed Frameworks */,
			);
			name = "Embed Frameworks";
			runOnlyForDeploymentPostprocessing = 0;
		};
/* End PBXCopyFilesBuildPhase section */

/* Begin PBXFileReference section */
		9B339E7825FB53E500BC8FCA /* MetalRender.app */ = {isa = PBXFileReference; explicitFileType = wrapper.application; includeInIndex = 0; path = MetalRender.app; sourceTree = BUILT_PRODUCTS_DIR; };
		9B339E7B25FB53E500BC8FCA /* AppDelegate.h */ = {isa = PBXFileReference; lastKnownFileType = sourcecode.c.h; path = AppDelegate.h; sourceTree = "<group>"; };
		9B339E7C25FB53E500BC8FCA /* AppDelegate.m */ = {isa = PBXFileReference; lastKnownFileType = sourcecode.c.objc; path = AppDelegate.m; sourceTree = "<group>"; };
		9B339E8525FB53E500BC8FCA /* Base */ = {isa = PBXFileReference; lastKnownFileType = file.storyboard; name = Base; path = Base.lproj/Main.storyboard; sourceTree = "<group>"; };
		9B339E8725FB53E600BC8FCA /* Assets.xcassets */ = {isa = PBXFileReference; lastKnownFileType = folder.assetcatalog; path = Assets.xcassets; sourceTree = "<group>"; };
		9B339E8A25FB53E600BC8FCA /* Base */ = {isa = PBXFileReference; lastKnownFileType = file.storyboard; name = Base; path = Base.lproj/LaunchScreen.storyboard; sourceTree = "<group>"; };
		9B339E8C25FB53E600BC8FCA /* Info.plist */ = {isa = PBXFileReference; lastKnownFileType = text.plist.xml; path = Info.plist; sourceTree = "<group>"; };
		9B339E8D25FB53E600BC8FCA /* main.m */ = {isa = PBXFileReference; lastKnownFileType = sourcecode.c.objc; path = main.m; sourceTree = "<group>"; };
		9B339EA325FB589200BC8FCA /* Base */ = {isa = PBXFileReference; lastKnownFileType = file.storyboard; name = Base; path = Base.lproj/PixelBuffer.storyboard; sourceTree = "<group>"; };
		9B339EA725FB5A1B00BC8FCA /* YZPixelBufferViewController.h */ = {isa = PBXFileReference; lastKnownFileType = sourcecode.c.h; path = YZPixelBufferViewController.h; sourceTree = "<group>"; };
		9B339EA825FB5A1B00BC8FCA /* YZPixelBufferViewController.m */ = {isa = PBXFileReference; lastKnownFileType = sourcecode.c.objc; path = YZPixelBufferViewController.m; sourceTree = "<group>"; };
		9B339EAC25FB5B7A00BC8FCA /* YZPixelBufferCapture.h */ = {isa = PBXFileReference; lastKnownFileType = sourcecode.c.h; path = YZPixelBufferCapture.h; sourceTree = "<group>"; };
		9B339EAD25FB5B7A00BC8FCA /* YZPixelBufferCapture.m */ = {isa = PBXFileReference; lastKnownFileType = sourcecode.c.objc; path = YZPixelBufferCapture.m; sourceTree = "<group>"; };
		9B33A00E26022B1400BC8FCA /* Base */ = {isa = PBXFileReference; lastKnownFileType = file.storyboard; name = Base; path = Base.lproj/Data.storyboard; sourceTree = "<group>"; };
		9B33A01126022B2F00BC8FCA /* YZDataViewController.h */ = {isa = PBXFileReference; lastKnownFileType = sourcecode.c.h; path = YZDataViewController.h; sourceTree = "<group>"; };
		9B33A01226022B2F00BC8FCA /* YZDataViewController.m */ = {isa = PBXFileReference; lastKnownFileType = sourcecode.c.objc; path = YZDataViewController.m; sourceTree = "<group>"; };
		9B33A01526022CD300BC8FCA /* YZDataCapture.h */ = {isa = PBXFileReference; lastKnownFileType = sourcecode.c.h; path = YZDataCapture.h; sourceTree = "<group>"; };
		9B33A01626022CD300BC8FCA /* YZDataCapture.m */ = {isa = PBXFileReference; lastKnownFileType = sourcecode.c.objc; path = YZDataCapture.m; sourceTree = "<group>"; };
		9B33A0602603635100BC8FCA /* YZTestViewController.h */ = {isa = PBXFileReference; lastKnownFileType = sourcecode.c.h; path = YZTestViewController.h; sourceTree = "<group>"; };
		9B33A0612603635100BC8FCA /* YZTestViewController.m */ = {isa = PBXFileReference; lastKnownFileType = sourcecode.c.objc; path = YZTestViewController.m; sourceTree = "<group>"; };
		9B33A0652603636700BC8FCA /* YZTestCapture.h */ = {isa = PBXFileReference; lastKnownFileType = sourcecode.c.h; path = YZTestCapture.h; sourceTree = "<group>"; };
		9B33A0662603636700BC8FCA /* YZTestCapture.m */ = {isa = PBXFileReference; lastKnownFileType = sourcecode.c.objc; path = YZTestCapture.m; sourceTree = "<group>"; };
		9B33A06F260363CC00BC8FCA /* Base */ = {isa = PBXFileReference; lastKnownFileType = file.storyboard; name = Base; path = Base.lproj/Test.storyboard; sourceTree = "<group>"; };
		9BD0A50B261EA69C00665B2B /* YXVideo.framework */ = {isa = PBXFileReference; explicitFileType = wrapper.framework; includeInIndex = 0; path = YXVideo.framework; sourceTree = BUILT_PRODUCTS_DIR; };
		9BD0A50D261EA69C00665B2B /* YXVideo.h */ = {isa = PBXFileReference; lastKnownFileType = sourcecode.c.h; path = YXVideo.h; sourceTree = "<group>"; };
		9BD0A50E261EA69C00665B2B /* Info.plist */ = {isa = PBXFileReference; lastKnownFileType = text.plist.xml; path = Info.plist; sourceTree = "<group>"; };
		9BD0A519261EA6D500665B2B /* YZVideoSystemIO.m */ = {isa = PBXFileReference; fileEncoding = 4; lastKnownFileType = sourcecode.c.objc; path = YZVideoSystemIO.m; sourceTree = "<group>"; };
		9BD0A51A261EA6D500665B2B /* YZVideoIO.m */ = {isa = PBXFileReference; fileEncoding = 4; lastKnownFileType = sourcecode.c.objc; path = YZVideoIO.m; sourceTree = "<group>"; };
		9BD0A51B261EA6D500665B2B /* YZVideoMetalIO.m */ = {isa = PBXFileReference; fileEncoding = 4; lastKnownFileType = sourcecode.c.objc; path = YZVideoMetalIO.m; sourceTree = "<group>"; };
		9BD0A51C261EA6D500665B2B /* YZVideoSystemIO.h */ = {isa = PBXFileReference; fileEncoding = 4; lastKnownFileType = sourcecode.c.h; path = YZVideoSystemIO.h; sourceTree = "<group>"; };
		9BD0A51D261EA6D500665B2B /* YZVideoMetalIO.h */ = {isa = PBXFileReference; fileEncoding = 4; lastKnownFileType = sourcecode.c.h; path = YZVideoMetalIO.h; sourceTree = "<group>"; };
		9BD0A51E261EA6D500665B2B /* YZVideoIO.h */ = {isa = PBXFileReference; fileEncoding = 4; lastKnownFileType = sourcecode.c.h; path = YZVideoIO.h; sourceTree = "<group>"; };
		9BD0A520261EA6D500665B2B /* YZMTKView.m */ = {isa = PBXFileReference; fileEncoding = 4; lastKnownFileType = sourcecode.c.objc; path = YZMTKView.m; sourceTree = "<group>"; };
		9BD0A521261EA6D500665B2B /* YZSystemPlayer.m */ = {isa = PBXFileReference; fileEncoding = 4; lastKnownFileType = sourcecode.c.objc; path = YZSystemPlayer.m; sourceTree = "<group>"; };
		9BD0A522261EA6D500665B2B /* YZMTKView.h */ = {isa = PBXFileReference; fileEncoding = 4; lastKnownFileType = sourcecode.c.h; path = YZMTKView.h; sourceTree = "<group>"; };
		9BD0A523261EA6D500665B2B /* YZSystemPlayer.h */ = {isa = PBXFileReference; fileEncoding = 4; lastKnownFileType = sourcecode.c.h; path = YZSystemPlayer.h; sourceTree = "<group>"; };
		9BD0A534261EA6D500665B2B /* YZYUVToRGBConversion.h */ = {isa = PBXFileReference; fileEncoding = 4; lastKnownFileType = sourcecode.c.h; path = YZYUVToRGBConversion.h; sourceTree = "<group>"; };
		9BD0A535261EA6D500665B2B /* YZVertexFragment.h */ = {isa = PBXFileReference; fileEncoding = 4; lastKnownFileType = sourcecode.c.h; path = YZVertexFragment.h; sourceTree = "<group>"; };
		9BD0A536261EA6D500665B2B /* YZI420MetalString.h */ = {isa = PBXFileReference; fileEncoding = 4; lastKnownFileType = sourcecode.c.h; path = YZI420MetalString.h; sourceTree = "<group>"; };
		9BD0A538261EA6D500665B2B /* YZVFOrientation.h */ = {isa = PBXFileReference; fileEncoding = 4; lastKnownFileType = sourcecode.c.h; path = YZVFOrientation.h; sourceTree = "<group>"; };
		9BD0A539261EA6D500665B2B /* YZVideoDevice.m */ = {isa = PBXFileReference; fileEncoding = 4; lastKnownFileType = sourcecode.c.objc; path = YZVideoDevice.m; sourceTree = "<group>"; };
		9BD0A53A261EA6D500665B2B /* YZVideoDevice.h */ = {isa = PBXFileReference; fileEncoding = 4; lastKnownFileType = sourcecode.c.h; path = YZVideoDevice.h; sourceTree = "<group>"; };
		9BD0A53B261EA6D500665B2B /* YZVFOrientation.m */ = {isa = PBXFileReference; fileEncoding = 4; lastKnownFileType = sourcecode.c.objc; path = YZVFOrientation.m; sourceTree = "<group>"; };
		9BD0A55D261EA6E900665B2B /* YXVideoData.m */ = {isa = PBXFileReference; fileEncoding = 4; lastKnownFileType = sourcecode.c.objc; path = YXVideoData.m; sourceTree = "<group>"; };
		9BD0A55E261EA6E900665B2B /* YXVideoShow.m */ = {isa = PBXFileReference; fileEncoding = 4; lastKnownFileType = sourcecode.c.objc; path = YXVideoShow.m; sourceTree = "<group>"; };
		9BD0A55F261EA6E900665B2B /* YXVideoData.h */ = {isa = PBXFileReference; fileEncoding = 4; lastKnownFileType = sourcecode.c.h; path = YXVideoData.h; sourceTree = "<group>"; };
		9BD0A560261EA6E900665B2B /* YXVideoShow.h */ = {isa = PBXFileReference; fileEncoding = 4; lastKnownFileType = sourcecode.c.h; path = YXVideoShow.h; sourceTree = "<group>"; };
		9BD0A573261EA94900665B2B /* YZMetalFormatI420.h */ = {isa = PBXFileReference; fileEncoding = 4; lastKnownFileType = sourcecode.c.h; path = YZMetalFormatI420.h; sourceTree = "<group>"; };
		9BD0A574261EA94900665B2B /* YZMetalFormat.h */ = {isa = PBXFileReference; fileEncoding = 4; lastKnownFileType = sourcecode.c.h; path = YZMetalFormat.h; sourceTree = "<group>"; };
		9BD0A575261EA94A00665B2B /* YZMetalFormatVideoRange.m */ = {isa = PBXFileReference; fileEncoding = 4; lastKnownFileType = sourcecode.c.objc; path = YZMetalFormatVideoRange.m; sourceTree = "<group>"; };
		9BD0A576261EA94A00665B2B /* YZMetalFormatBGRA.m */ = {isa = PBXFileReference; fileEncoding = 4; lastKnownFileType = sourcecode.c.objc; path = YZMetalFormatBGRA.m; sourceTree = "<group>"; };
		9BD0A577261EA94A00665B2B /* YZMetalFormat.m */ = {isa = PBXFileReference; fileEncoding = 4; lastKnownFileType = sourcecode.c.objc; path = YZMetalFormat.m; sourceTree = "<group>"; };
		9BD0A578261EA94A00665B2B /* YZMetalFormatNV12.m */ = {isa = PBXFileReference; fileEncoding = 4; lastKnownFileType = sourcecode.c.objc; path = YZMetalFormatNV12.m; sourceTree = "<group>"; };
		9BD0A579261EA94A00665B2B /* YZMetalFormatBGRA.h */ = {isa = PBXFileReference; fileEncoding = 4; lastKnownFileType = sourcecode.c.h; path = YZMetalFormatBGRA.h; sourceTree = "<group>"; };
		9BD0A57A261EA94A00665B2B /* YZMetalFormatFullRange.m */ = {isa = PBXFileReference; fileEncoding = 4; lastKnownFileType = sourcecode.c.objc; path = YZMetalFormatFullRange.m; sourceTree = "<group>"; };
		9BD0A57B261EA94A00665B2B /* YZMetalFormatY420.m */ = {isa = PBXFileReference; fileEncoding = 4; lastKnownFileType = sourcecode.c.objc; path = YZMetalFormatY420.m; sourceTree = "<group>"; };
		9BD0A57C261EA94A00665B2B /* YZMetalFormatI420.m */ = {isa = PBXFileReference; fileEncoding = 4; lastKnownFileType = sourcecode.c.objc; path = YZMetalFormatI420.m; sourceTree = "<group>"; };
		9BD0A57D261EA94A00665B2B /* YZMetalFormatVideoRange.h */ = {isa = PBXFileReference; fileEncoding = 4; lastKnownFileType = sourcecode.c.h; path = YZMetalFormatVideoRange.h; sourceTree = "<group>"; };
		9BD0A57E261EA94A00665B2B /* YZMetalFormatFullRange.h */ = {isa = PBXFileReference; fileEncoding = 4; lastKnownFileType = sourcecode.c.h; path = YZMetalFormatFullRange.h; sourceTree = "<group>"; };
		9BD0A57F261EA94A00665B2B /* YZMetalFormatNV12.h */ = {isa = PBXFileReference; fileEncoding = 4; lastKnownFileType = sourcecode.c.h; path = YZMetalFormatNV12.h; sourceTree = "<group>"; };
		9BD0A580261EA94A00665B2B /* YZMetalFormatY420.h */ = {isa = PBXFileReference; fileEncoding = 4; lastKnownFileType = sourcecode.c.h; path = YZMetalFormatY420.h; sourceTree = "<group>"; };
/* End PBXFileReference section */

/* Begin PBXFrameworksBuildPhase section */
		9B339E7525FB53E500BC8FCA /* Frameworks */ = {
			isa = PBXFrameworksBuildPhase;
			buildActionMask = 2147483647;
			files = (
				9BD0A512261EA69C00665B2B /* YXVideo.framework in Frameworks */,
			);
			runOnlyForDeploymentPostprocessing = 0;
		};
		9BD0A508261EA69C00665B2B /* Frameworks */ = {
			isa = PBXFrameworksBuildPhase;
			buildActionMask = 2147483647;
			files = (
			);
			runOnlyForDeploymentPostprocessing = 0;
		};
/* End PBXFrameworksBuildPhase section */

/* Begin PBXGroup section */
		9B339E6F25FB53E500BC8FCA = {
			isa = PBXGroup;
			children = (
				9B339E7A25FB53E500BC8FCA /* MetalRender */,
				9BD0A50C261EA69C00665B2B /* YXVideo */,
				9B339E7925FB53E500BC8FCA /* Products */,
			);
			sourceTree = "<group>";
		};
		9B339E7925FB53E500BC8FCA /* Products */ = {
			isa = PBXGroup;
			children = (
				9B339E7825FB53E500BC8FCA /* MetalRender.app */,
				9BD0A50B261EA69C00665B2B /* YXVideo.framework */,
			);
			name = Products;
			sourceTree = "<group>";
		};
		9B339E7A25FB53E500BC8FCA /* MetalRender */ = {
			isa = PBXGroup;
			children = (
				9B339E7B25FB53E500BC8FCA /* AppDelegate.h */,
				9B339E7C25FB53E500BC8FCA /* AppDelegate.m */,
				9B33A00626022AB600BC8FCA /* Data */,
				9B339EA625FB58A600BC8FCA /* PixelBuffer */,
				9B33A05F2603632700BC8FCA /* Test */,
				9B339E8425FB53E500BC8FCA /* Main.storyboard */,
				9B33A06E260363CC00BC8FCA /* Test.storyboard */,
				9B33A00D26022B1400BC8FCA /* Data.storyboard */,
				9B339EA225FB589200BC8FCA /* PixelBuffer.storyboard */,
				9B339E8725FB53E600BC8FCA /* Assets.xcassets */,
				9B339E8925FB53E600BC8FCA /* LaunchScreen.storyboard */,
				9B339E8C25FB53E600BC8FCA /* Info.plist */,
				9B339E8D25FB53E600BC8FCA /* main.m */,
			);
			path = MetalRender;
			sourceTree = "<group>";
		};
		9B339EA625FB58A600BC8FCA /* PixelBuffer */ = {
			isa = PBXGroup;
			children = (
				9B339EA725FB5A1B00BC8FCA /* YZPixelBufferViewController.h */,
				9B339EA825FB5A1B00BC8FCA /* YZPixelBufferViewController.m */,
				9B339EAC25FB5B7A00BC8FCA /* YZPixelBufferCapture.h */,
				9B339EAD25FB5B7A00BC8FCA /* YZPixelBufferCapture.m */,
			);
			path = PixelBuffer;
			sourceTree = "<group>";
		};
		9B33A00626022AB600BC8FCA /* Data */ = {
			isa = PBXGroup;
			children = (
				9B33A01126022B2F00BC8FCA /* YZDataViewController.h */,
				9B33A01226022B2F00BC8FCA /* YZDataViewController.m */,
				9B33A01526022CD300BC8FCA /* YZDataCapture.h */,
				9B33A01626022CD300BC8FCA /* YZDataCapture.m */,
			);
			path = Data;
			sourceTree = "<group>";
		};
		9B33A05F2603632700BC8FCA /* Test */ = {
			isa = PBXGroup;
			children = (
				9B33A0602603635100BC8FCA /* YZTestViewController.h */,
				9B33A0612603635100BC8FCA /* YZTestViewController.m */,
				9B33A0652603636700BC8FCA /* YZTestCapture.h */,
				9B33A0662603636700BC8FCA /* YZTestCapture.m */,
			);
			path = Test;
			sourceTree = "<group>";
		};
		9BD0A50C261EA69C00665B2B /* YXVideo */ = {
			isa = PBXGroup;
			children = (
				9BD0A50D261EA69C00665B2B /* YXVideo.h */,
				9BD0A55F261EA6E900665B2B /* YXVideoData.h */,
				9BD0A55D261EA6E900665B2B /* YXVideoData.m */,
				9BD0A560261EA6E900665B2B /* YXVideoShow.h */,
				9BD0A55E261EA6E900665B2B /* YXVideoShow.m */,
				9BD0A518261EA6D500665B2B /* Video */,
				9BD0A524261EA6D500665B2B /* MetalIO */,
				9BD0A51F261EA6D500665B2B /* Player */,
				9BD0A537261EA6D500665B2B /* Helper */,
				9BD0A533261EA6D500665B2B /* Metal */,
				9BD0A50E261EA69C00665B2B /* Info.plist */,
			);
			path = YXVideo;
			sourceTree = "<group>";
		};
		9BD0A518261EA6D500665B2B /* Video */ = {
			isa = PBXGroup;
			children = (
				9BD0A51E261EA6D500665B2B /* YZVideoIO.h */,
				9BD0A51A261EA6D500665B2B /* YZVideoIO.m */,
				9BD0A51D261EA6D500665B2B /* YZVideoMetalIO.h */,
				9BD0A51B261EA6D500665B2B /* YZVideoMetalIO.m */,
				9BD0A51C261EA6D500665B2B /* YZVideoSystemIO.h */,
				9BD0A519261EA6D500665B2B /* YZVideoSystemIO.m */,
			);
			path = Video;
			sourceTree = "<group>";
		};
		9BD0A51F261EA6D500665B2B /* Player */ = {
			isa = PBXGroup;
			children = (
				9BD0A523261EA6D500665B2B /* YZSystemPlayer.h */,
				9BD0A521261EA6D500665B2B /* YZSystemPlayer.m */,
				9BD0A522261EA6D500665B2B /* YZMTKView.h */,
				9BD0A520261EA6D500665B2B /* YZMTKView.m */,
			);
			path = Player;
			sourceTree = "<group>";
		};
		9BD0A524261EA6D500665B2B /* MetalIO */ = {
			isa = PBXGroup;
			children = (
				9BD0A574261EA94900665B2B /* YZMetalFormat.h */,
				9BD0A577261EA94A00665B2B /* YZMetalFormat.m */,
				9BD0A579261EA94A00665B2B /* YZMetalFormatBGRA.h */,
				9BD0A576261EA94A00665B2B /* YZMetalFormatBGRA.m */,
				9BD0A57E261EA94A00665B2B /* YZMetalFormatFullRange.h */,
				9BD0A57A261EA94A00665B2B /* YZMetalFormatFullRange.m */,
				9BD0A573261EA94900665B2B /* YZMetalFormatI420.h */,
				9BD0A57C261EA94A00665B2B /* YZMetalFormatI420.m */,
				9BD0A57F261EA94A00665B2B /* YZMetalFormatNV12.h */,
				9BD0A578261EA94A00665B2B /* YZMetalFormatNV12.m */,
				9BD0A57D261EA94A00665B2B /* YZMetalFormatVideoRange.h */,
				9BD0A575261EA94A00665B2B /* YZMetalFormatVideoRange.m */,
				9BD0A580261EA94A00665B2B /* YZMetalFormatY420.h */,
				9BD0A57B261EA94A00665B2B /* YZMetalFormatY420.m */,
			);
			path = MetalIO;
			sourceTree = "<group>";
		};
		9BD0A533261EA6D500665B2B /* Metal */ = {
			isa = PBXGroup;
			children = (
				9BD0A534261EA6D500665B2B /* YZYUVToRGBConversion.h */,
				9BD0A535261EA6D500665B2B /* YZVertexFragment.h */,
				9BD0A536261EA6D500665B2B /* YZI420MetalString.h */,
			);
			path = Metal;
			sourceTree = "<group>";
		};
		9BD0A537261EA6D500665B2B /* Helper */ = {
			isa = PBXGroup;
			children = (
				9BD0A53A261EA6D500665B2B /* YZVideoDevice.h */,
				9BD0A539261EA6D500665B2B /* YZVideoDevice.m */,
				9BD0A538261EA6D500665B2B /* YZVFOrientation.h */,
				9BD0A53B261EA6D500665B2B /* YZVFOrientation.m */,
			);
			path = Helper;
			sourceTree = "<group>";
		};
/* End PBXGroup section */

/* Begin PBXHeadersBuildPhase section */
		9BD0A506261EA69C00665B2B /* Headers */ = {
			isa = PBXHeadersBuildPhase;
			buildActionMask = 2147483647;
			files = (
				9BD0A544261EA6D500665B2B /* YZMTKView.h in Headers */,
				9BD0A565261EA6E900665B2B /* YXVideoShow.h in Headers */,
				9BD0A564261EA6E900665B2B /* YXVideoData.h in Headers */,
				9BD0A559261EA6D500665B2B /* YZVideoDevice.h in Headers */,
				9BD0A587261EA94A00665B2B /* YZMetalFormatBGRA.h in Headers */,
				9BD0A557261EA6D500665B2B /* YZVFOrientation.h in Headers */,
				9BD0A581261EA94A00665B2B /* YZMetalFormatI420.h in Headers */,
				9BD0A58E261EA94A00665B2B /* YZMetalFormatY420.h in Headers */,
				9BD0A58C261EA94A00665B2B /* YZMetalFormatFullRange.h in Headers */,
				9BD0A556261EA6D500665B2B /* YZI420MetalString.h in Headers */,
				9BD0A53F261EA6D500665B2B /* YZVideoSystemIO.h in Headers */,
				9BD0A540261EA6D500665B2B /* YZVideoMetalIO.h in Headers */,
				9BD0A555261EA6D500665B2B /* YZVertexFragment.h in Headers */,
				9BD0A545261EA6D500665B2B /* YZSystemPlayer.h in Headers */,
				9BD0A582261EA94A00665B2B /* YZMetalFormat.h in Headers */,
				9BD0A50F261EA69C00665B2B /* YXVideo.h in Headers */,
				9BD0A541261EA6D500665B2B /* YZVideoIO.h in Headers */,
				9BD0A58D261EA94A00665B2B /* YZMetalFormatNV12.h in Headers */,
				9BD0A58B261EA94A00665B2B /* YZMetalFormatVideoRange.h in Headers */,
				9BD0A554261EA6D500665B2B /* YZYUVToRGBConversion.h in Headers */,
			);
			runOnlyForDeploymentPostprocessing = 0;
		};
/* End PBXHeadersBuildPhase section */

/* Begin PBXNativeTarget section */
		9B339E7725FB53E500BC8FCA /* MetalRender */ = {
			isa = PBXNativeTarget;
			buildConfigurationList = 9B339E9125FB53E600BC8FCA /* Build configuration list for PBXNativeTarget "MetalRender" */;
			buildPhases = (
				9B339E7425FB53E500BC8FCA /* Sources */,
				9B339E7525FB53E500BC8FCA /* Frameworks */,
				9B339E7625FB53E500BC8FCA /* Resources */,
				9B339EC425FB5DC800BC8FCA /* Embed Frameworks */,
			);
			buildRules = (
			);
			dependencies = (
				9BD0A511261EA69C00665B2B /* PBXTargetDependency */,
			);
			name = MetalRender;
			productName = MetalRender;
			productReference = 9B339E7825FB53E500BC8FCA /* MetalRender.app */;
			productType = "com.apple.product-type.application";
		};
		9BD0A50A261EA69C00665B2B /* YXVideo */ = {
			isa = PBXNativeTarget;
			buildConfigurationList = 9BD0A514261EA69C00665B2B /* Build configuration list for PBXNativeTarget "YXVideo" */;
			buildPhases = (
				9BD0A506261EA69C00665B2B /* Headers */,
				9BD0A507261EA69C00665B2B /* Sources */,
				9BD0A508261EA69C00665B2B /* Frameworks */,
				9BD0A509261EA69C00665B2B /* Resources */,
			);
			buildRules = (
			);
			dependencies = (
			);
			name = YXVideo;
			productName = YXVideo;
			productReference = 9BD0A50B261EA69C00665B2B /* YXVideo.framework */;
			productType = "com.apple.product-type.framework";
		};
/* End PBXNativeTarget section */

/* Begin PBXProject section */
		9B339E7025FB53E500BC8FCA /* Project object */ = {
			isa = PBXProject;
			attributes = {
				LastUpgradeCheck = 1230;
				TargetAttributes = {
					9B339E7725FB53E500BC8FCA = {
						CreatedOnToolsVersion = 12.3;
					};
					9BD0A50A261EA69C00665B2B = {
						CreatedOnToolsVersion = 12.3;
					};
				};
			};
			buildConfigurationList = 9B339E7325FB53E500BC8FCA /* Build configuration list for PBXProject "MetalRender" */;
			compatibilityVersion = "Xcode 9.3";
			developmentRegion = en;
			hasScannedForEncodings = 0;
			knownRegions = (
				en,
				Base,
			);
			mainGroup = 9B339E6F25FB53E500BC8FCA;
			productRefGroup = 9B339E7925FB53E500BC8FCA /* Products */;
			projectDirPath = "";
			projectRoot = "";
			targets = (
				9B339E7725FB53E500BC8FCA /* MetalRender */,
				9BD0A50A261EA69C00665B2B /* YXVideo */,
			);
		};
/* End PBXProject section */

/* Begin PBXResourcesBuildPhase section */
		9B339E7625FB53E500BC8FCA /* Resources */ = {
			isa = PBXResourcesBuildPhase;
			buildActionMask = 2147483647;
			files = (
				9B33A070260363CC00BC8FCA /* Test.storyboard in Resources */,
				9B339E8B25FB53E600BC8FCA /* LaunchScreen.storyboard in Resources */,
				9B339EA425FB589200BC8FCA /* PixelBuffer.storyboard in Resources */,
				9B339E8825FB53E600BC8FCA /* Assets.xcassets in Resources */,
				9B33A00F26022B1400BC8FCA /* Data.storyboard in Resources */,
				9B339E8625FB53E500BC8FCA /* Main.storyboard in Resources */,
			);
			runOnlyForDeploymentPostprocessing = 0;
		};
		9BD0A509261EA69C00665B2B /* Resources */ = {
			isa = PBXResourcesBuildPhase;
			buildActionMask = 2147483647;
			files = (
			);
			runOnlyForDeploymentPostprocessing = 0;
		};
/* End PBXResourcesBuildPhase section */

/* Begin PBXSourcesBuildPhase section */
		9B339E7425FB53E500BC8FCA /* Sources */ = {
			isa = PBXSourcesBuildPhase;
			buildActionMask = 2147483647;
			files = (
				9B339E7D25FB53E500BC8FCA /* AppDelegate.m in Sources */,
				9B33A0672603636700BC8FCA /* YZTestCapture.m in Sources */,
				9B339EA925FB5A1B00BC8FCA /* YZPixelBufferViewController.m in Sources */,
				9B339E8E25FB53E600BC8FCA /* main.m in Sources */,
				9B339EAE25FB5B7A00BC8FCA /* YZPixelBufferCapture.m in Sources */,
				9B33A01326022B2F00BC8FCA /* YZDataViewController.m in Sources */,
				9B33A0622603635100BC8FCA /* YZTestViewController.m in Sources */,
				9B33A01726022CD300BC8FCA /* YZDataCapture.m in Sources */,
			);
			runOnlyForDeploymentPostprocessing = 0;
		};
		9BD0A507261EA69C00665B2B /* Sources */ = {
			isa = PBXSourcesBuildPhase;
			buildActionMask = 2147483647;
			files = (
				9BD0A542261EA6D500665B2B /* YZMTKView.m in Sources */,
				9BD0A55A261EA6D500665B2B /* YZVFOrientation.m in Sources */,
				9BD0A588261EA94A00665B2B /* YZMetalFormatFullRange.m in Sources */,
				9BD0A563261EA6E900665B2B /* YXVideoShow.m in Sources */,
				9BD0A53D261EA6D500665B2B /* YZVideoIO.m in Sources */,
				9BD0A584261EA94A00665B2B /* YZMetalFormatBGRA.m in Sources */,
				9BD0A585261EA94A00665B2B /* YZMetalFormat.m in Sources */,
				9BD0A589261EA94A00665B2B /* YZMetalFormatY420.m in Sources */,
				9BD0A558261EA6D500665B2B /* YZVideoDevice.m in Sources */,
				9BD0A53C261EA6D500665B2B /* YZVideoSystemIO.m in Sources */,
				9BD0A543261EA6D500665B2B /* YZSystemPlayer.m in Sources */,
				9BD0A583261EA94A00665B2B /* YZMetalFormatVideoRange.m in Sources */,
				9BD0A58A261EA94A00665B2B /* YZMetalFormatI420.m in Sources */,
				9BD0A586261EA94A00665B2B /* YZMetalFormatNV12.m in Sources */,
				9BD0A562261EA6E900665B2B /* YXVideoData.m in Sources */,
				9BD0A53E261EA6D500665B2B /* YZVideoMetalIO.m in Sources */,
			);
			runOnlyForDeploymentPostprocessing = 0;
		};
/* End PBXSourcesBuildPhase section */

/* Begin PBXTargetDependency section */
		9BD0A511261EA69C00665B2B /* PBXTargetDependency */ = {
			isa = PBXTargetDependency;
			target = 9BD0A50A261EA69C00665B2B /* YXVideo */;
			targetProxy = 9BD0A510261EA69C00665B2B /* PBXContainerItemProxy */;
		};
/* End PBXTargetDependency section */

/* Begin PBXVariantGroup section */
		9B339E8425FB53E500BC8FCA /* Main.storyboard */ = {
			isa = PBXVariantGroup;
			children = (
				9B339E8525FB53E500BC8FCA /* Base */,
			);
			name = Main.storyboard;
			sourceTree = "<group>";
		};
		9B339E8925FB53E600BC8FCA /* LaunchScreen.storyboard */ = {
			isa = PBXVariantGroup;
			children = (
				9B339E8A25FB53E600BC8FCA /* Base */,
			);
			name = LaunchScreen.storyboard;
			sourceTree = "<group>";
		};
		9B339EA225FB589200BC8FCA /* PixelBuffer.storyboard */ = {
			isa = PBXVariantGroup;
			children = (
				9B339EA325FB589200BC8FCA /* Base */,
			);
			name = PixelBuffer.storyboard;
			sourceTree = "<group>";
		};
		9B33A00D26022B1400BC8FCA /* Data.storyboard */ = {
			isa = PBXVariantGroup;
			children = (
				9B33A00E26022B1400BC8FCA /* Base */,
			);
			name = Data.storyboard;
			sourceTree = "<group>";
		};
		9B33A06E260363CC00BC8FCA /* Test.storyboard */ = {
			isa = PBXVariantGroup;
			children = (
				9B33A06F260363CC00BC8FCA /* Base */,
			);
			name = Test.storyboard;
			sourceTree = "<group>";
		};
/* End PBXVariantGroup section */

/* Begin XCBuildConfiguration section */
		9B339E8F25FB53E600BC8FCA /* Debug */ = {
			isa = XCBuildConfiguration;
			buildSettings = {
				ALWAYS_SEARCH_USER_PATHS = NO;
				CLANG_ANALYZER_NONNULL = YES;
				CLANG_ANALYZER_NUMBER_OBJECT_CONVERSION = YES_AGGRESSIVE;
				CLANG_CXX_LANGUAGE_STANDARD = "gnu++14";
				CLANG_CXX_LIBRARY = "libc++";
				CLANG_ENABLE_MODULES = YES;
				CLANG_ENABLE_OBJC_ARC = YES;
				CLANG_ENABLE_OBJC_WEAK = YES;
				CLANG_WARN_BLOCK_CAPTURE_AUTORELEASING = YES;
				CLANG_WARN_BOOL_CONVERSION = YES;
				CLANG_WARN_COMMA = YES;
				CLANG_WARN_CONSTANT_CONVERSION = YES;
				CLANG_WARN_DEPRECATED_OBJC_IMPLEMENTATIONS = YES;
				CLANG_WARN_DIRECT_OBJC_ISA_USAGE = YES_ERROR;
				CLANG_WARN_DOCUMENTATION_COMMENTS = YES;
				CLANG_WARN_EMPTY_BODY = YES;
				CLANG_WARN_ENUM_CONVERSION = YES;
				CLANG_WARN_INFINITE_RECURSION = YES;
				CLANG_WARN_INT_CONVERSION = YES;
				CLANG_WARN_NON_LITERAL_NULL_CONVERSION = YES;
				CLANG_WARN_OBJC_IMPLICIT_RETAIN_SELF = YES;
				CLANG_WARN_OBJC_LITERAL_CONVERSION = YES;
				CLANG_WARN_OBJC_ROOT_CLASS = YES_ERROR;
				CLANG_WARN_QUOTED_INCLUDE_IN_FRAMEWORK_HEADER = YES;
				CLANG_WARN_RANGE_LOOP_ANALYSIS = YES;
				CLANG_WARN_STRICT_PROTOTYPES = YES;
				CLANG_WARN_SUSPICIOUS_MOVE = YES;
				CLANG_WARN_UNGUARDED_AVAILABILITY = YES_AGGRESSIVE;
				CLANG_WARN_UNREACHABLE_CODE = YES;
				CLANG_WARN__DUPLICATE_METHOD_MATCH = YES;
				COPY_PHASE_STRIP = NO;
				DEBUG_INFORMATION_FORMAT = dwarf;
				ENABLE_STRICT_OBJC_MSGSEND = YES;
				ENABLE_TESTABILITY = YES;
				GCC_C_LANGUAGE_STANDARD = gnu11;
				GCC_DYNAMIC_NO_PIC = NO;
				GCC_NO_COMMON_BLOCKS = YES;
				GCC_OPTIMIZATION_LEVEL = 0;
				GCC_PREPROCESSOR_DEFINITIONS = (
					"DEBUG=1",
					"$(inherited)",
				);
				GCC_WARN_64_TO_32_BIT_CONVERSION = YES;
				GCC_WARN_ABOUT_RETURN_TYPE = YES_ERROR;
				GCC_WARN_UNDECLARED_SELECTOR = YES;
				GCC_WARN_UNINITIALIZED_AUTOS = YES_AGGRESSIVE;
				GCC_WARN_UNUSED_FUNCTION = YES;
				GCC_WARN_UNUSED_VARIABLE = YES;
				IPHONEOS_DEPLOYMENT_TARGET = 14.3;
				MTL_ENABLE_DEBUG_INFO = INCLUDE_SOURCE;
				MTL_FAST_MATH = YES;
				ONLY_ACTIVE_ARCH = YES;
				SDKROOT = iphoneos;
			};
			name = Debug;
		};
		9B339E9025FB53E600BC8FCA /* Release */ = {
			isa = XCBuildConfiguration;
			buildSettings = {
				ALWAYS_SEARCH_USER_PATHS = NO;
				CLANG_ANALYZER_NONNULL = YES;
				CLANG_ANALYZER_NUMBER_OBJECT_CONVERSION = YES_AGGRESSIVE;
				CLANG_CXX_LANGUAGE_STANDARD = "gnu++14";
				CLANG_CXX_LIBRARY = "libc++";
				CLANG_ENABLE_MODULES = YES;
				CLANG_ENABLE_OBJC_ARC = YES;
				CLANG_ENABLE_OBJC_WEAK = YES;
				CLANG_WARN_BLOCK_CAPTURE_AUTORELEASING = YES;
				CLANG_WARN_BOOL_CONVERSION = YES;
				CLANG_WARN_COMMA = YES;
				CLANG_WARN_CONSTANT_CONVERSION = YES;
				CLANG_WARN_DEPRECATED_OBJC_IMPLEMENTATIONS = YES;
				CLANG_WARN_DIRECT_OBJC_ISA_USAGE = YES_ERROR;
				CLANG_WARN_DOCUMENTATION_COMMENTS = YES;
				CLANG_WARN_EMPTY_BODY = YES;
				CLANG_WARN_ENUM_CONVERSION = YES;
				CLANG_WARN_INFINITE_RECURSION = YES;
				CLANG_WARN_INT_CONVERSION = YES;
				CLANG_WARN_NON_LITERAL_NULL_CONVERSION = YES;
				CLANG_WARN_OBJC_IMPLICIT_RETAIN_SELF = YES;
				CLANG_WARN_OBJC_LITERAL_CONVERSION = YES;
				CLANG_WARN_OBJC_ROOT_CLASS = YES_ERROR;
				CLANG_WARN_QUOTED_INCLUDE_IN_FRAMEWORK_HEADER = YES;
				CLANG_WARN_RANGE_LOOP_ANALYSIS = YES;
				CLANG_WARN_STRICT_PROTOTYPES = YES;
				CLANG_WARN_SUSPICIOUS_MOVE = YES;
				CLANG_WARN_UNGUARDED_AVAILABILITY = YES_AGGRESSIVE;
				CLANG_WARN_UNREACHABLE_CODE = YES;
				CLANG_WARN__DUPLICATE_METHOD_MATCH = YES;
				COPY_PHASE_STRIP = NO;
				DEBUG_INFORMATION_FORMAT = "dwarf-with-dsym";
				ENABLE_NS_ASSERTIONS = NO;
				ENABLE_STRICT_OBJC_MSGSEND = YES;
				GCC_C_LANGUAGE_STANDARD = gnu11;
				GCC_NO_COMMON_BLOCKS = YES;
				GCC_WARN_64_TO_32_BIT_CONVERSION = YES;
				GCC_WARN_ABOUT_RETURN_TYPE = YES_ERROR;
				GCC_WARN_UNDECLARED_SELECTOR = YES;
				GCC_WARN_UNINITIALIZED_AUTOS = YES_AGGRESSIVE;
				GCC_WARN_UNUSED_FUNCTION = YES;
				GCC_WARN_UNUSED_VARIABLE = YES;
				IPHONEOS_DEPLOYMENT_TARGET = 14.3;
				MTL_ENABLE_DEBUG_INFO = NO;
				MTL_FAST_MATH = YES;
				SDKROOT = iphoneos;
				VALIDATE_PRODUCT = YES;
			};
			name = Release;
		};
		9B339E9225FB53E600BC8FCA /* Debug */ = {
			isa = XCBuildConfiguration;
			buildSettings = {
				ASSETCATALOG_COMPILER_APPICON_NAME = AppIcon;
				ASSETCATALOG_COMPILER_GLOBAL_ACCENT_COLOR_NAME = AccentColor;
				CODE_SIGN_STYLE = Automatic;
				CURRENT_PROJECT_VERSION = 20210408;
				DEVELOPMENT_TEAM = 7XP66VHL84;
				INFOPLIST_FILE = MetalRender/Info.plist;
				IPHONEOS_DEPLOYMENT_TARGET = 9.0;
				LD_RUNPATH_SEARCH_PATHS = (
					"$(inherited)",
					"@executable_path/Frameworks",
				);
				MARKETING_VERSION = 2.0.2;
				PRODUCT_BUNDLE_IDENTIFIER = com.MetalRender;
				PRODUCT_NAME = "$(TARGET_NAME)";
				TARGETED_DEVICE_FAMILY = "1,2";
			};
			name = Debug;
		};
		9B339E9325FB53E600BC8FCA /* Release */ = {
			isa = XCBuildConfiguration;
			buildSettings = {
				ASSETCATALOG_COMPILER_APPICON_NAME = AppIcon;
				ASSETCATALOG_COMPILER_GLOBAL_ACCENT_COLOR_NAME = AccentColor;
				CODE_SIGN_STYLE = Automatic;
				CURRENT_PROJECT_VERSION = 20210408;
				DEVELOPMENT_TEAM = 7XP66VHL84;
				INFOPLIST_FILE = MetalRender/Info.plist;
				IPHONEOS_DEPLOYMENT_TARGET = 9.0;
				LD_RUNPATH_SEARCH_PATHS = (
					"$(inherited)",
					"@executable_path/Frameworks",
				);
				MARKETING_VERSION = 2.0.2;
				PRODUCT_BUNDLE_IDENTIFIER = com.MetalRender;
				PRODUCT_NAME = "$(TARGET_NAME)";
				TARGETED_DEVICE_FAMILY = "1,2";
			};
			name = Release;
		};
		9BD0A515261EA69C00665B2B /* Debug */ = {
			isa = XCBuildConfiguration;
			buildSettings = {
				CODE_SIGN_STYLE = Automatic;
				CURRENT_PROJECT_VERSION = 1;
				DEFINES_MODULE = YES;
				DEVELOPMENT_TEAM = 7XP66VHL84;
				DYLIB_COMPATIBILITY_VERSION = 1;
				DYLIB_CURRENT_VERSION = 1;
				DYLIB_INSTALL_NAME_BASE = "@rpath";
				INFOPLIST_FILE = YXVideo/Info.plist;
				INSTALL_PATH = "$(LOCAL_LIBRARY_DIR)/Frameworks";
				LD_RUNPATH_SEARCH_PATHS = (
					"$(inherited)",
					"@executable_path/Frameworks",
					"@loader_path/Frameworks",
				);
				MACH_O_TYPE = staticlib;
				ONLY_ACTIVE_ARCH = NO;
				PRODUCT_BUNDLE_IDENTIFIER = yanzhen.YXVideo;
				PRODUCT_NAME = "$(TARGET_NAME:c99extidentifier)";
				SKIP_INSTALL = YES;
				SUPPORTS_MACCATALYST = NO;
				TARGETED_DEVICE_FAMILY = "1,2";
				VERSIONING_SYSTEM = "apple-generic";
				VERSION_INFO_PREFIX = "";
			};
			name = Debug;
		};
		9BD0A516261EA69C00665B2B /* Release */ = {
			isa = XCBuildConfiguration;
			buildSettings = {
				CODE_SIGN_STYLE = Automatic;
				CURRENT_PROJECT_VERSION = 1;
				DEFINES_MODULE = YES;
				DEVELOPMENT_TEAM = 7XP66VHL84;
				DYLIB_COMPATIBILITY_VERSION = 1;
				DYLIB_CURRENT_VERSION = 1;
				DYLIB_INSTALL_NAME_BASE = "@rpath";
				INFOPLIST_FILE = YXVideo/Info.plist;
				INSTALL_PATH = "$(LOCAL_LIBRARY_DIR)/Frameworks";
				LD_RUNPATH_SEARCH_PATHS = (
					"$(inherited)",
					"@executable_path/Frameworks",
					"@loader_path/Frameworks",
				);
				MACH_O_TYPE = staticlib;
				ONLY_ACTIVE_ARCH = NO;
				PRODUCT_BUNDLE_IDENTIFIER = yanzhen.YXVideo;
				PRODUCT_NAME = "$(TARGET_NAME:c99extidentifier)";
				SKIP_INSTALL = YES;
				SUPPORTS_MACCATALYST = NO;
				TARGETED_DEVICE_FAMILY = "1,2";
				VERSIONING_SYSTEM = "apple-generic";
				VERSION_INFO_PREFIX = "";
			};
			name = Release;
		};
/* End XCBuildConfiguration section */

/* Begin XCConfigurationList section */
		9B339E7325FB53E500BC8FCA /* Build configuration list for PBXProject "MetalRender" */ = {
			isa = XCConfigurationList;
			buildConfigurations = (
				9B339E8F25FB53E600BC8FCA /* Debug */,
				9B339E9025FB53E600BC8FCA /* Release */,
			);
			defaultConfigurationIsVisible = 0;
			defaultConfigurationName = Release;
		};
		9B339E9125FB53E600BC8FCA /* Build configuration list for PBXNativeTarget "MetalRender" */ = {
			isa = XCConfigurationList;
			buildConfigurations = (
				9B339E9225FB53E600BC8FCA /* Debug */,
				9B339E9325FB53E600BC8FCA /* Release */,
			);
			defaultConfigurationIsVisible = 0;
			defaultConfigurationName = Release;
		};
		9BD0A514261EA69C00665B2B /* Build configuration list for PBXNativeTarget "YXVideo" */ = {
			isa = XCConfigurationList;
			buildConfigurations = (
				9BD0A515261EA69C00665B2B /* Debug */,
				9BD0A516261EA69C00665B2B /* Release */,
			);
			defaultConfigurationIsVisible = 0;
			defaultConfigurationName = Release;
		};
/* End XCConfigurationList section */
	};
	rootObject = 9B339E7025FB53E500BC8FCA /* Project object */;
}
